hash: f3e7287d557e7c15759a511a886a8a2e14c371048630d4bfc6e99ddb822640ae
updated: 2017-05-10T12:16:05.503073047+09:00
imports:
- name: github.com/spf13/pflag
  version: c7e63cf4530bcd3ba943729cee0efeff2ebea63f
- name: k8s.io/client-go
  version: e121606b0d09b2e1c467183ee46217fa85a6b672
testImports: []
